<?xml version="1.0" encoding="utf-8"?>
<Project ToolsVersion="4.0" xmlns="http://schemas.microsoft.com/developer/msbuild/2003">
  <ItemGroup>
    <Filter Include="Source Files">
      <UniqueIdentifier>{4FC737F1-C7A5-4376-A066-2A32D752A2FF}</UniqueIdentifier>
      <Extensions>cpp;c;cc;cxx;def;odl;idl;hpj;bat;asm;asmx</Extensions>
    </Filter>
    <Filter Include="Header Files">
      <UniqueIdentifier>{93995380-89BD-4b04-88EB-625FBE52EBFB}</UniqueIdentifier>
      <Extensions>h;hh;hpp;hxx;hm;inl;inc;xsd</Extensions>
    </Filter>
    <Filter Include="Resource Files">
      <UniqueIdentifier>{67DA6AB6-F800-4c08-8B7A-83BB121AAD01}</UniqueIdentifier>
      <Extensions>rc;ico;cur;bmp;dlg;rc2;rct;bin;rgs;gif;jpg;jpeg;jpe;resx;tiff;tif;png;wav;mfcribbon-ms</Extensions>
    </Filter>
    <Filter Include="Source Files\spline">
      <UniqueIdentifier>{ba57e3b0-1569-4c2f-b3fa-33c6c1898aa6}</UniqueIdentifier>
    </Filter>
  </ItemGroup>
  <ItemGroup>
    <ClInclude Include="Game.h">
      <Filter>Header Files</Filter>
    </ClInclude>
    <ClInclude Include="GameWorld.h">
      <Filter>Header Files</Filter>
    </ClInclude>
    <ClInclude Include="GameCamera.h">
      <Filter>Header Files</Filter>
    </ClInclude>
    <ClInclude Include="Tank.h">
      <Filter>Header Files</Filter>
    </ClInclude>
    <ClInclude Include="ResetAction.h">
      <Filter>Header Files</Filter>
    </ClInclude>
    <ClInclude Include="HandController.h">
      <Filter>Header Files</Filter>
    </ClInclude>
    <ClInclude Include="Player.h">
      <Filter>Header Files</Filter>
    </ClInclude>
    <ClInclude Include="LightPathController.h">
      <Filter>Header Files</Filter>
    </ClInclude>
    <ClInclude Include="PlayerInteractor.h">
      <Filter>Header Files</Filter>
    </ClInclude>
    <ClInclude Include="LightParticleSystem.h">
      <Filter>Header Files</Filter>
    </ClInclude>
    <ClInclude Include="ScriptMethods.h">
      <Filter>Header Files</Filter>
    </ClInclude>
  </ItemGroup>
  <ItemGroup>
    <ClCompile Include="Game.cpp">
      <Filter>Source Files</Filter>
    </ClCompile>
    <ClCompile Include="GameWorld.cpp">
      <Filter>Source Files</Filter>
    </ClCompile>
    <ClCompile Include="GameCamera.cpp">
      <Filter>Source Files</Filter>
    </ClCompile>
    <ClCompile Include="Tank.cpp">
      <Filter>Source Files</Filter>
    </ClCompile>
    <ClCompile Include="ResetAction.cpp">
      <Filter>Source Files</Filter>
    </ClCompile>
    <ClCompile Include="HandController.cpp">
      <Filter>Source Files</Filter>
    </ClCompile>
    <ClCompile Include="Player.cpp">
      <Filter>Source Files</Filter>
    </ClCompile>
    <ClCompile Include="LightPathController.cpp">
      <Filter>Source Files</Filter>
    </ClCompile>
    <ClCompile Include="PlayerInteractor.cpp">
      <Filter>Source Files</Filter>
    </ClCompile>
    <ClCompile Include="..\..\SplineLibrary-master\SplineLibrary-master\spline_library\hermite\cubic\cr_spline.cpp">
      <Filter>Source Files\spline</Filter>
    </ClCompile>
    <ClCompile Include="..\..\SplineLibrary-master\SplineLibrary-master\spline_library\basis\cubic_b_spline.cpp">
      <Filter>Source Files\spline</Filter>
    </ClCompile>
    <ClCompile Include="..\..\SplineLibrary-master\SplineLibrary-master\spline_library\hermite\cubic\cubic_hermite_spline.cpp">
      <Filter>Source Files\spline</Filter>
    </ClCompile>
    <ClCompile Include="..\..\SplineLibrary-master\SplineLibrary-master\spline_library\linear\linear_spline.cpp">
      <Filter>Source Files\spline</Filter>
    </ClCompile>
    <ClCompile Include="..\..\SplineLibrary-master\SplineLibrary-master\spline_library\utils\linearalgebra.cpp">
      <Filter>Source Files\spline</Filter>
    </ClCompile>
    <ClCompile Include="..\..\SplineLibrary-master\SplineLibrary-master\spline_library\hermite\cubic\looping_cr_spline.cpp">
      <Filter>Source Files\spline</Filter>
    </ClCompile>
    <ClCompile Include="..\..\SplineLibrary-master\SplineLibrary-master\spline_library\basis\looping_cubic_b_spline.cpp">
      <Filter>Source Files\spline</Filter>
    </ClCompile>
    <ClCompile Include="..\..\SplineLibrary-master\SplineLibrary-master\spline_library\hermite\cubic\looping_cubic_hermite_spline.cpp">
      <Filter>Source Files\spline</Filter>
    </ClCompile>
    <ClCompile Include="..\..\SplineLibrary-master\SplineLibrary-master\spline_library\linear\looping_linear_spline.cpp">
      <Filter>Source Files\spline</Filter>
    </ClCompile>
    <ClCompile Include="..\..\SplineLibrary-master\SplineLibrary-master\spline_library\natural\looping_natural_spline.cpp">
      <Filter>Source Files\spline</Filter>
    </ClCompile>
    <ClCompile Include="..\..\SplineLibrary-master\SplineLibrary-master\spline_library\hermite\quintic\looping_quintic_cr_spline.cpp">
      <Filter>Source Files\spline</Filter>
    </ClCompile>
    <ClCompile Include="..\..\SplineLibrary-master\SplineLibrary-master\spline_library\hermite\quintic\looping_quintic_hermite_spline.cpp">
      <Filter>Source Files\spline</Filter>
    </ClCompile>
    <ClCompile Include="..\..\SplineLibrary-master\SplineLibrary-master\spline_library\natural\natural_spline.cpp">
      <Filter>Source Files\spline</Filter>
    </ClCompile>
    <ClCompile Include="..\..\SplineLibrary-master\SplineLibrary-master\spline_library\utils\optimization.cpp">
      <Filter>Source Files\spline</Filter>
    </ClCompile>
    <ClCompile Include="..\..\SplineLibrary-master\SplineLibrary-master\spline_library\hermite\quintic\quintic_cr_spline.cpp">
      <Filter>Source Files\spline</Filter>
    </ClCompile>
    <ClCompile Include="..\..\SplineLibrary-master\SplineLibrary-master\spline_library\hermite\quintic\quintic_hermite_spline.cpp">
      <Filter>Source Files\spline</Filter>
    </ClCompile>
    <ClCompile Include="..\..\SplineLibrary-master\SplineLibrary-master\spline_library\spline.cpp">
      <Filter>Source Files\spline</Filter>
    </ClCompile>
    <ClCompile Include="..\..\SplineLibrary-master\SplineLibrary-master\spline_library\splineinverter.cpp">
      <Filter>Source Files\spline</Filter>
    </ClCompile>
    <ClCompile Include="..\..\SplineLibrary-master\SplineLibrary-master\spline_library\splinelengthcalculator.cpp">
      <Filter>Source Files\spline</Filter>
    </ClCompile>
    <ClCompile Include="..\..\SplineLibrary-master\SplineLibrary-master\spline_library\utils\t_calculator.cpp">
      <Filter>Source Files\spline</Filter>
    </ClCompile>
    <ClCompile Include="..\..\SplineLibrary-master\SplineLibrary-master\spline_library\vector3d.cpp">
      <Filter>Source Files\spline</Filter>
    </ClCompile>
    <ClCompile Include="LightParticleSystem.cpp">
      <Filter>Source Files</Filter>
    </ClCompile>
    <ClCompile Include="ScriptMethods.cpp">
      <Filter>Source Files</Filter>
    </ClCompile>
  </ItemGroup>
</Project>